
Microsoft Visual Studio Solution File, Format Version 12.00
# Visual Studio Version 16
VisualStudioVersion = 16.0.30011.22
MinimumVisualStudioVersion = 10.0.40219.1
Project("{FAE04EC0-301F-11D3-BF4B-00C04F79EFBC}") = "Library_proj", "Library_proj\Library_proj.csproj", "{EE7F115E-A0BB-4C57-89D1-ADD104E49C8B}"
EndProject
Global
	GlobalSection(SolutionConfigurationPlatforms) = preSolution
		Debug|Any CPU = Debug|Any CPU
		Release|Any CPU = Release|Any CPU
	EndGlobalSection
	GlobalSection(ProjectConfigurationPlatforms) = postSolution
		{EE7F115E-A0BB-4C57-89D1-ADD104E49C8B}.Debug|Any CPU.ActiveCfg = Debug|Any CPU
		{EE7F115E-A0BB-4C57-89D1-ADD104E49C8B}.Debug|Any CPU.Build.0 = Debug|Any CPU
		{EE7F115E-A0BB-4C57-89D1-ADD104E49C8B}.Release|Any CPU.ActiveCfg = Release|Any CPU
		{EE7F115E-A0BB-4C57-89D1-ADD104E49C8B}.Release|Any CPU.Build.0 = Release|Any CPU
	EndGlobalSection
	GlobalSection(SolutionProperties) = preSolution
		HideSolutionNode = FALSE
	EndGlobalSection
	GlobalSection(ExtensibilityGlobals) = postSolution
		SolutionGuid = {1F830BE3-B051-4AB4-9551-074C2AB70B3D}
	EndGlobalSection
EndGlobal
